
Microsoft Visual Studio Solution File, Format Version 12.00
# Visual Studio Version 16
VisualStudioVersion = 16.0.31402.337
MinimumVisualStudioVersion = 10.0.40219.1
Project("{FAE04EC0-301F-11D3-BF4B-00C04F79EFBC}") = "ChatAppServer", "ChatAppServer\ChatAppServer.csproj", "{34B29301-C0AF-404C-829D-84DB94D0EB64}"
EndProject
Project("{FAE04EC0-301F-11D3-BF4B-00C04F79EFBC}") = "ChatAppClient", "ChatAppClient\ChatAppClient.csproj", "{CADF1885-A631-48E7-A099-FD9ADCEF09F4}"
EndProject
Global
	GlobalSection(SolutionConfigurationPlatforms) = preSolution
		Debug|Any CPU = Debug|Any CPU
		Release|Any CPU = Release|Any CPU
	EndGlobalSection
	GlobalSection(ProjectConfigurationPlatforms) = postSolution
		{34B29301-C0AF-404C-829D-84DB94D0EB64}.Debug|Any CPU.ActiveCfg = Debug|Any CPU
		{34B29301-C0AF-404C-829D-84DB94D0EB64}.Debug|Any CPU.Build.0 = Debug|Any CPU
		{34B29301-C0AF-404C-829D-84DB94D0EB64}.Release|Any CPU.ActiveCfg = Release|Any CPU
		{34B29301-C0AF-404C-829D-84DB94D0EB64}.Release|Any CPU.Build.0 = Release|Any CPU
		{CADF1885-A631-48E7-A099-FD9ADCEF09F4}.Debug|Any CPU.ActiveCfg = Debug|Any CPU
		{CADF1885-A631-48E7-A099-FD9ADCEF09F4}.Debug|Any CPU.Build.0 = Debug|Any CPU
		{CADF1885-A631-48E7-A099-FD9ADCEF09F4}.Release|Any CPU.ActiveCfg = Release|Any CPU
		{CADF1885-A631-48E7-A099-FD9ADCEF09F4}.Release|Any CPU.Build.0 = Release|Any CPU
	EndGlobalSection
	GlobalSection(SolutionProperties) = preSolution
		HideSolutionNode = FALSE
	EndGlobalSection
	GlobalSection(ExtensibilityGlobals) = postSolution
		SolutionGuid = {26866258-EC0A-4460-9F26-E065248FBA48}
	EndGlobalSection
EndGlobal
